
Microsoft Visual Studio Solution File, Format Version 12.00
# Visual Studio Version 16
VisualStudioVersion = 16.0.30717.126
MinimumVisualStudioVersion = 10.0.40219.1
Project("{FAE04EC0-301F-11D3-BF4B-00C04F79EFBC}") = "NuGetTestPackage", "NuGetTestPackage.csproj", "{360BD595-6BCD-4490-B0EB-985B1FA8F85F}"
EndProject
Global
	GlobalSection(SolutionConfigurationPlatforms) = preSolution
		Debug|Any CPU = Debug|Any CPU
		Release|Any CPU = Release|Any CPU
	EndGlobalSection
	GlobalSection(ProjectConfigurationPlatforms) = postSolution
		{360BD595-6BCD-4490-B0EB-985B1FA8F85F}.Debug|Any CPU.ActiveCfg = Debug|Any CPU
		{360BD595-6BCD-4490-B0EB-985B1FA8F85F}.Debug|Any CPU.Build.0 = Debug|Any CPU
		{360BD595-6BCD-4490-B0EB-985B1FA8F85F}.Release|Any CPU.ActiveCfg = Release|Any CPU
		{360BD595-6BCD-4490-B0EB-985B1FA8F85F}.Release|Any CPU.Build.0 = Release|Any CPU
	EndGlobalSection
	GlobalSection(SolutionProperties) = preSolution
		HideSolutionNode = FALSE
	EndGlobalSection
	GlobalSection(ExtensibilityGlobals) = postSolution
		SolutionGuid = {6EF85C16-A952-4569-ADDA-AD300934230F}
	EndGlobalSection
EndGlobal
